lockfileVersion: '9.0'

settings:
  autoInstallPeers: true
  excludeLinksFromLockfile: false

overrides:
  '@sveltejs/vite-plugin-svelte': npm:@rsvelte/vite-plugin-svelte@^0.3.0
  '@rsvelte/vite-plugin-svelte-native': ^0.2.1

importers:

  .:
    dependencies:
      '@resvg/resvg-js':
        specifier: ^2.6.2
        version: 2.6.2
      marked:
        specifier: ^17.0.0
        version: 17.0.6
    devDependencies:
      '@rsvelte/svelte-check':
        specifier: ^0.1.4
        version: 0.1.4
      '@sveltejs/adapter-static':
        specifier: ^3.0.10
        version: 3.0.10(@sveltejs/kit@2.61.1(@rsvelte/vite-plugin-svelte@0.3.0)(svelte@5.56.0)(typescript@5.9.3)(vite@7.3.3(@types/node@24.12.4)))
      '@sveltejs/kit':
        specifier: ^2.61.1
        version: 2.61.1(@rsvelte/vite-plugin-svelte@0.3.0)(svelte@5.56.0)(typescript@5.9.3)(vite@7.3.3(@types/node@24.12.4))
      '@sveltejs/vite-plugin-svelte':
        specifier: npm:@rsvelte/vite-plugin-svelte@^0.3.0
        version: '@rsvelte/vite-plugin-svelte@0.3.0(@rsvelte/vite-plugin-svelte@0.3.0)(svelte@5.56.0)(vite@7.3.3(@types/node@24.12.4))'
      '@types/node':
        specifier: ^24.0.0
        version: 24.12.4
      svelte:
        specifier: ^5.56.0
        version: 5.56.0
      typescript:
        specifier: ^5.7.0
        version: 5.9.3
      vite:
        specifier: ^7.1.0
        version: 7.3.3(@types/node@24.12.4)

packages:

  '@esbuild/aix-ppc64@0.27.7':
    resolution: {integrity: sha512-EKX3Qwmhz1eMdEJokhALr0YiD0lhQNwDqkPYyPhiSwKrh7/4KRjQc04sZ8db+5DVVnZ1LmbNDI1uAMPEUBnQPg==}
    engines: {node: '>=18'}
    cpu: [ppc64]
    os: [aix]

  '@esbuild/android-arm64@0.27.7':
    resolution: {integrity: sha512-62dPZHpIXzvChfvfLJow3q5dDtiNMkwiRzPylSCfriLvZeq0a1bWChrGx/BbUbPwOrsWKMn8idSllklzBy+dgQ==}
    engines: {node: '>=18'}
    cpu: [arm64]
    os: [android]

  '@esbuild/android-arm@0.27.7':
    resolution: {integrity: sha512-jbPXvB4Yj2yBV7HUfE2KHe4GJX51QplCN1pGbYjvsyCZbQmies29EoJbkEc+vYuU5o45AfQn37vZlyXy4YJ8RQ==}
    engines: {node: '>=18'}
    cpu: [arm]
    os: [android]

  '@esbuild/android-x64@0.27.7':
    resolution: {integrity: sha512-x5VpMODneVDb70PYV2VQOmIUUiBtY3D3mPBG8NxVk5CogneYhkR7MmM3yR/uMdITLrC1ml/NV1rj4bMJuy9MCg==}
    engines: {node: '>=18'}
    cpu: [x64]
    os: [android]

  '@esbuild/darwin-arm64@0.27.7':
    resolution: {integrity: sha512-5lckdqeuBPlKUwvoCXIgI2D9/ABmPq3Rdp7IfL70393YgaASt7tbju3Ac+ePVi3KDH6N2RqePfHnXkaDtY9fkw==}
    engines: {node: '>=18'}
    cpu: [arm64]
    os: [darwin]

  '@esbuild/darwin-x64@0.27.7':
    resolution: {integrity: sha512-rYnXrKcXuT7Z+WL5K980jVFdvVKhCHhUwid+dDYQpH+qu+TefcomiMAJpIiC2EM3Rjtq0sO3StMV/+3w3MyyqQ==}
    engines: {node: '>=18'}
    cpu: [x64]
    os: [darwin]

  '@esbuild/freebsd-arm64@0.27.7':
    resolution: {integrity: sha512-B48PqeCsEgOtzME2GbNM2roU29AMTuOIN91dsMO30t+Ydis3z/3Ngoj5hhnsOSSwNzS+6JppqWsuhTp6E82l2w==}
    engines: {node: '>=18'}
    cpu: [arm64]
    os: [freebsd]

  '@esbuild/freebsd-x64@0.27.7':
    resolution: {integrity: sha512-jOBDK5XEjA4m5IJK3bpAQF9/Lelu/Z9ZcdhTRLf4cajlB+8VEhFFRjWgfy3M1O4rO2GQ/b2dLwCUGpiF/eATNQ==}
    engines: {node: '>=18'}
    cpu: [x64]
    os: [freebsd]

  '@esbuild/linux-arm64@0.27.7':
    resolution: {integrity: sha512-RZPHBoxXuNnPQO9rvjh5jdkRmVizktkT7TCDkDmQ0W2SwHInKCAV95GRuvdSvA7w4VMwfCjUiPwDi0ZO6Nfe9A==}
    engines: {node: '>=18'}
    cpu: [arm64]
    os: [linux]

  '@esbuild/linux-arm@0.27.7':
    resolution: {integrity: sha512-RkT/YXYBTSULo3+af8Ib0ykH8u2MBh57o7q/DAs3lTJlyVQkgQvlrPTnjIzzRPQyavxtPtfg0EopvDyIt0j1rA==}
    engines: {node: '>=18'}
    cpu: [arm]
    os: [linux]

  '@esbuild/linux-ia32@0.27.7':
    resolution: {integrity: sha512-GA48aKNkyQDbd3KtkplYWT102C5sn/EZTY4XROkxONgruHPU72l+gW+FfF8tf2cFjeHaRbWpOYa/uRBz/Xq1Pg==}
    engines: {node: '>=18'}
    cpu: [ia32]
    os: [linux]

  '@esbuild/linux-loong64@0.27.7':
    resolution: {integrity: sha512-a4POruNM2oWsD4WKvBSEKGIiWQF8fZOAsycHOt6JBpZ+JN2n2JH9WAv56SOyu9X5IqAjqSIPTaJkqN8F7XOQ5Q==}
    engines: {node: '>=18'}
    cpu: [loong64]
    os: [linux]

  '@esbuild/linux-mips64el@0.27.7':
    resolution: {integrity: sha512-KabT5I6StirGfIz0FMgl1I+R1H73Gp0ofL9A3nG3i/cYFJzKHhouBV5VWK1CSgKvVaG4q1RNpCTR2LuTVB3fIw==}
    engines: {node: '>=18'}
    cpu: [mips64el]
    os: [linux]

  '@esbuild/linux-ppc64@0.27.7':
    resolution: {integrity: sha512-gRsL4x6wsGHGRqhtI+ifpN/vpOFTQtnbsupUF5R5YTAg+y/lKelYR1hXbnBdzDjGbMYjVJLJTd2OFmMewAgwlQ==}
    engines: {node: '>=18'}
    cpu: [ppc64]
    os: [linux]

  '@esbuild/linux-riscv64@0.27.7':
    resolution: {integrity: sha512-hL25LbxO1QOngGzu2U5xeXtxXcW+/GvMN3ejANqXkxZ/opySAZMrc+9LY/WyjAan41unrR3YrmtTsUpwT66InQ==}
    engines: {node: '>=18'}
    cpu: [riscv64]
    os: [linux]

  '@esbuild/linux-s390x@0.27.7':
    resolution: {integrity: sha512-2k8go8Ycu1Kb46vEelhu1vqEP+UeRVj2zY1pSuPdgvbd5ykAw82Lrro28vXUrRmzEsUV0NzCf54yARIK8r0fdw==}
    engines: {node: '>=18'}
    cpu: [s390x]
    os: [linux]

  '@esbuild/linux-x64@0.27.7':
    resolution: {integrity: sha512-hzznmADPt+OmsYzw1EE33ccA+HPdIqiCRq7cQeL1Jlq2gb1+OyWBkMCrYGBJ+sxVzve2ZJEVeePbLM2iEIZSxA==}
    engines: {node: '>=18'}
    cpu: [x64]
    os: [linux]

  '@esbuild/netbsd-arm64@0.27.7':
    resolution: {integrity: sha512-b6pqtrQdigZBwZxAn1UpazEisvwaIDvdbMbmrly7cDTMFnw/+3lVxxCTGOrkPVnsYIosJJXAsILG9XcQS+Yu6w==}
    engines: {node: '>=18'}
    cpu: [arm64]
    os: [netbsd]

  '@esbuild/netbsd-x64@0.27.7':
    resolution: {integrity: sha512-OfatkLojr6U+WN5EDYuoQhtM+1xco+/6FSzJJnuWiUw5eVcicbyK3dq5EeV/QHT1uy6GoDhGbFpprUiHUYggrw==}
    engines: {node: '>=18'}
    cpu: [x64]
    os: [netbsd]

  '@esbuild/openbsd-arm64@0.27.7':
    resolution: {integrity: sha512-AFuojMQTxAz75Fo8idVcqoQWEHIXFRbOc1TrVcFSgCZtQfSdc1RXgB3tjOn/krRHENUB4j00bfGjyl2mJrU37A==}
    engines: {node: '>=18'}
    cpu: [arm64]
    os: [openbsd]

  '@esbuild/openbsd-x64@0.27.7':
    resolution: {integrity: sha512-+A1NJmfM8WNDv5CLVQYJ5PshuRm/4cI6WMZRg1by1GwPIQPCTs1GLEUHwiiQGT5zDdyLiRM/l1G0Pv54gvtKIg==}
    engines: {node: '>=18'}
    cpu: [x64]
    os: [openbsd]

  '@esbuild/openharmony-arm64@0.27.7':
    resolution: {integrity: sha512-+KrvYb/C8zA9CU/g0sR6w2RBw7IGc5J2BPnc3dYc5VJxHCSF1yNMxTV5LQ7GuKteQXZtspjFbiuW5/dOj7H4Yw==}
    engines: {node: '>=18'}
    cpu: [arm64]
    os: [openharmony]

  '@esbuild/sunos-x64@0.27.7':
    resolution: {integrity: sha512-ikktIhFBzQNt/QDyOL580ti9+5mL/YZeUPKU2ivGtGjdTYoqz6jObj6nOMfhASpS4GU4Q/Clh1QtxWAvcYKamA==}
    engines: {node: '>=18'}
    cpu: [x64]
    os: [sunos]

  '@esbuild/win32-arm64@0.27.7':
    resolution: {integrity: sha512-7yRhbHvPqSpRUV7Q20VuDwbjW5kIMwTHpptuUzV+AA46kiPze5Z7qgt6CLCK3pWFrHeNfDd1VKgyP4O+ng17CA==}
    engines: {node: '>=18'}
    cpu: [arm64]
    os: [win32]

  '@esbuild/win32-ia32@0.27.7':
    resolution: {integrity: sha512-SmwKXe6VHIyZYbBLJrhOoCJRB/Z1tckzmgTLfFYOfpMAx63BJEaL9ExI8x7v0oAO3Zh6D/Oi1gVxEYr5oUCFhw==}
    engines: {node: '>=18'}
    cpu: [ia32]
    os: [win32]

  '@esbuild/win32-x64@0.27.7':
    resolution: {integrity: sha512-56hiAJPhwQ1R4i+21FVF7V8kSD5zZTdHcVuRFMW0hn753vVfQN8xlx4uOPT4xoGH0Z/oVATuR82AiqSTDIpaHg==}
    engines: {node: '>=18'}
    cpu: [x64]
    os: [win32]

  '@jridgewell/gen-mapping@0.3.13':
    resolution: {integrity: sha512-2kkt/7niJ6MgEPxF0bYdQ6etZaA+fQvDcLKckhy1yIQOzaoKjBBjSj63/aLVjYE3qhRt5dvM+uUyfCg6UKCBbA==}

  '@jridgewell/remapping@2.3.5':
    resolution: {integrity: sha512-LI9u/+laYG4Ds1TDKSJW2YPrIlcVYOwi2fUC6xB43lueCjgxV4lffOCZCtYFiH6TNOX+tQKXx97T4IKHbhyHEQ==}

  '@jridgewell/resolve-uri@3.1.2':
    resolution: {integrity: sha512-bRISgCIjP20/tbWSPWMEi54QVPRZExkuD9lJL+UIxUKtwVJA8wW1Trb1jMs1RFXo1CBTNZ/5hpC9QvmKWdopKw==}
    engines: {node: '>=6.0.0'}

  '@jridgewell/sourcemap-codec@1.5.5':
    resolution: {integrity: sha512-cYQ9310grqxueWbl+WuIUIaiUaDcj7WOq5fVhEljNVgRfOUhY9fy2zTvfoqWsnebh8Sl70VScFbICvJnLKB0Og==}

  '@jridgewell/trace-mapping@0.3.31':
    resolution: {integrity: sha512-zzNR+SdQSDJzc8joaeP8QQoCQr8NuYx2dIIytl1QeBEZHJ9uW6hebsrYgbz8hJwUQao3TWCMtmfV8Nu1twOLAw==}

  '@polka/url@1.0.0-next.29':
    resolution: {integrity: sha512-wwQAWhWSuHaag8c4q/KN/vCoeOJYshAIvMQwD4GpSb3OiZklFfvAgmj0VCBBImRpuF/aFgIRzllXlVX93Jevww==}

  '@resvg/resvg-js-android-arm-eabi@2.6.2':
    resolution: {integrity: sha512-FrJibrAk6v29eabIPgcTUMPXiEz8ssrAk7TXxsiZzww9UTQ1Z5KAbFJs+Z0Ez+VZTYgnE5IQJqBcoSiMebtPHA==}
    engines: {node: '>= 10'}
    cpu: [arm]
    os: [android]

  '@resvg/resvg-js-android-arm64@2.6.2':
    resolution: {integrity: sha512-VcOKezEhm2VqzXpcIJoITuvUS/fcjIw5NA/w3tjzWyzmvoCdd+QXIqy3FBGulWdClvp4g+IfUemigrkLThSjAQ==}
    engines: {node: '>= 10'}
    cpu: [arm64]
    os: [android]

  '@resvg/resvg-js-darwin-arm64@2.6.2':
    resolution: {integrity: sha512-nmok2LnAd6nLUKI16aEB9ydMC6Lidiiq2m1nEBDR1LaaP7FGs4AJ90qDraxX+CWlVuRlvNjyYJTNv8qFjtL9+A==}
    engines: {node: '>= 10'}
    cpu: [arm64]
    os: [darwin]

  '@resvg/resvg-js-darwin-x64@2.6.2':
    resolution: {integrity: sha512-GInyZLjgWDfsVT6+SHxQVRwNzV0AuA1uqGsOAW+0th56J7Nh6bHHKXHBWzUrihxMetcFDmQMAX1tZ1fZDYSRsw==}
    engines: {node: '>= 10'}
    cpu: [x64]
    os: [darwin]

  '@resvg/resvg-js-linux-arm-gnueabihf@2.6.2':
    resolution: {integrity: sha512-YIV3u/R9zJbpqTTNwTZM5/ocWetDKGsro0SWp70eGEM9eV2MerWyBRZnQIgzU3YBnSBQ1RcxRZvY/UxwESfZIw==}
    engines: {node: '>= 10'}
    cpu: [arm]
    os: [linux]

  '@resvg/resvg-js-linux-arm64-gnu@2.6.2':
    resolution: {integrity: sha512-zc2BlJSim7YR4FZDQ8OUoJg5holYzdiYMeobb9pJuGDidGL9KZUv7SbiD4E8oZogtYY42UZEap7dqkkYuA91pg==}
    engines: {node: '>= 10'}
    cpu: [arm64]
    os: [linux]
    libc: [glibc]

  '@resvg/resvg-js-linux-arm64-musl@2.6.2':
    resolution: {integrity: sha512-3h3dLPWNgSsD4lQBJPb4f+kvdOSJHa5PjTYVsWHxLUzH4IFTJUAnmuWpw4KqyQ3NA5QCyhw4TWgxk3jRkQxEKg==}
    engines: {node: '>= 10'}
    cpu: [arm64]
    os: [linux]
    libc: [musl]

  '@resvg/resvg-js-linux-x64-gnu@2.6.2':
    resolution: {integrity: sha512-IVUe+ckIerA7xMZ50duAZzwf1U7khQe2E0QpUxu5MBJNao5RqC0zwV/Zm965vw6D3gGFUl7j4m+oJjubBVoftw==}
    engines: {node: '>= 10'}
    cpu: [x64]
    os: [linux]
    libc: [glibc]

  '@resvg/resvg-js-linux-x64-musl@2.6.2':
    resolution: {integrity: sha512-UOf83vqTzoYQO9SZ0fPl2ZIFtNIz/Rr/y+7X8XRX1ZnBYsQ/tTb+cj9TE+KHOdmlTFBxhYzVkP2lRByCzqi4jQ==}
    engines: {node: '>= 10'}
    cpu: [x64]
    os: [linux]
    libc: [musl]

  '@resvg/resvg-js-win32-arm64-msvc@2.6.2':
    resolution: {integrity: sha512-7C/RSgCa+7vqZ7qAbItfiaAWhyRSoD4l4BQAbVDqRRsRgY+S+hgS3in0Rxr7IorKUpGE69X48q6/nOAuTJQxeQ==}
    engines: {node: '>= 10'}
    cpu: [arm64]
    os: [win32]

  '@resvg/resvg-js-win32-ia32-msvc@2.6.2':
    resolution: {integrity: sha512-har4aPAlvjnLcil40AC77YDIk6loMawuJwFINEM7n0pZviwMkMvjb2W5ZirsNOZY4aDbo5tLx0wNMREp5Brk+w==}
    engines: {node: '>= 10'}
    cpu: [ia32]
    os: [win32]

  '@resvg/resvg-js-win32-x64-msvc@2.6.2':
    resolution: {integrity: sha512-ZXtYhtUr5SSaBrUDq7DiyjOFJqBVL/dOBN7N/qmi/pO0IgiWW/f/ue3nbvu9joWE5aAKDoIzy/CxsY0suwGosQ==}
    engines: {node: '>= 10'}
    cpu: [x64]
    os: [win32]

  '@resvg/resvg-js@2.6.2':
    resolution: {integrity: sha512-xBaJish5OeGmniDj9cW5PRa/PtmuVU3ziqrbr5xJj901ZDN4TosrVaNZpEiLZAxdfnhAe7uQ7QFWfjPe9d9K2Q==}
    engines: {node: '>= 10'}

  '@rollup/rollup-android-arm-eabi@4.60.4':
    resolution: {integrity: sha512-F5QXMSiFebS9hKZj02XhWLLnRpJ3B3AROP0tWbFBSj+6kCbg5m9j5JoHKd4mmSVy5mS/IMQloYgYxCuJC0fxEQ==}
    cpu: [arm]
    os: [android]

  '@rollup/rollup-android-arm64@4.60.4':
    resolution: {integrity: sha512-GxxTKApUpzRhof7poWvCJHRF51C67u1R7D6DiluBE8wKU1u5GWE8t+v81JvJYtbawoBFX1hLv5Ei4eVjkWokaw==}
    cpu: [arm64]
    os: [android]

  '@rollup/rollup-darwin-arm64@4.60.4':
    resolution: {integrity: sha512-tua0TaJxMOB1R0V0RS1jFZ/RpURFDJIOR2A6jWwQeawuFyS4gBW+rntLRaQd0EQ4bd6Vp44Z2rXW+YYDBsj6IA==}
    cpu: [arm64]
    os: [darwin]

  '@rollup/rollup-darwin-x64@4.60.4':
    resolution: {integrity: sha512-CSKq7MsP+5PFIcydhAiR1K0UhEI1A2jWXVKHPCBZ151yOutENwvnPocgVHkivu2kviURtCEB6zUQw0vs8RrhMg==}
    cpu: [x64]
    os: [darwin]

  '@rollup/rollup-freebsd-arm64@4.60.4':
    resolution: {integrity: sha512-+O8OkVdyvXMtJEciu2wS/pzm1IxntEEQx3z5TAVy4l32G0etZn+RsA48ARRrFm6Ri8fvqPQfgrvNxSjKAbnd3g==}
    cpu: [arm64]
    os: [freebsd]

  '@rollup/rollup-freebsd-x64@4.60.4':
    resolution: {integrity: sha512-Iw3oMskH3AfNuhU0MSN7vNbdi4me/NiYo2azqPz/Le16zHSa+3RRmliCMWWQmh4lcndccU40xcJuTYJZxNo/lw==}
    cpu: [x64]
    os: [freebsd]

  '@rollup/rollup-linux-arm-gnueabihf@4.60.4':
    resolution: {integrity: sha512-EIPRXTVQpHyF8WOo219AD2yEltPehLTcTMz2fn6JsatLYSzQf00hj3rulF+yauOlF9/FtM2WpkT/hJh/KJFGhA==}
    cpu: [arm]
    os: [linux]
    libc: [glibc]

  '@rollup/rollup-linux-arm-musleabihf@4.60.4':
    resolution: {integrity: sha512-J3Yh9PzzF1Ovah2At+lHiGQdsYgArxBbXv/zHfSyaiFQEqvNv7DcW98pCrmdjCZBrqBiKrKKe2V+aaSGWuBe/w==}
    cpu: [arm]
    os: [linux]
    libc: [musl]

  '@rollup/rollup-linux-arm64-gnu@4.60.4':
    resolution: {integrity: sha512-BFDEZMYfUvLn37ONE1yMBojPxnMlTFsdyNoqncT0qFq1mAfllL+ATMMJd8TeuVMiX84s1KbcxcZbXInmcO2mRg==}
    cpu: [arm64]
    os: [linux]
    libc: [glibc]

  '@rollup/rollup-linux-arm64-musl@4.60.4':
    resolution: {integrity: sha512-pc9EYOSlOgdQ2uPl1o9PF6/kLSgaUosia7gOuS8mB69IxJvlclko1MECXysjs5ryez1/5zjYqx3+xYU0TU6R1A==}
    cpu: [arm64]
    os: [linux]
    libc: [musl]

  '@rollup/rollup-linux-loong64-gnu@4.60.4':
    resolution: {integrity: sha512-NxnomyxYerDh5n4iLrNa+sH+Z+U4BMEE46V2PgQ/hoB909i8gV1M5wPojWg9fk1jWpO3IQnOs20K4wyZuFLEFQ==}
    cpu: [loong64]
    os: [linux]
    libc: [glibc]

  '@rollup/rollup-linux-loong64-musl@4.60.4':
    resolution: {integrity: sha512-nbJnQ8a3z1mtmrwImCYhc6BGpThAyYVRQxw9uKSKG4wR6aAYno9sVjJ0zaZcW9BPJX1GbrDPf+SvdWjgTuDmnw==}
    cpu: [loong64]
    os: [linux]
    libc: [musl]

  '@rollup/rollup-linux-ppc64-gnu@4.60.4':
    resolution: {integrity: sha512-2EU6acNrQLd8tYvo/LXW535wupT3m6fo7HKo6lr7ktQoItxTyOL1ZCR/GfGCuXl2vR+zmfI6eRXkSemafv+iVg==}
    cpu: [ppc64]
    os: [linux]
    libc: [glibc]

  '@rollup/rollup-linux-ppc64-musl@4.60.4':
    resolution: {integrity: sha512-WeBtoMuaMxiiIrO2IYP3xs6GMWkJP2C0EoT8beTLkUPmzV1i/UcOSVw1d5r9KBODtHKilG5yFxsGRnBbK3wJ4A==}
    cpu: [ppc64]
    os: [linux]
    libc: [musl]

  '@rollup/rollup-linux-riscv64-gnu@4.60.4':
    resolution: {integrity: sha512-FJHFfqpKUI3A10WrWKiFbBZ7yVbGT4q4B5o1qKFFojqpaYoh9LrQgqWCmmcxQzVSXYtyB5bzkXrYzlHTs21MYA==}
    cpu: [riscv64]
    os: [linux]
    libc: [glibc]

  '@rollup/rollup-linux-riscv64-musl@4.60.4':
    resolution: {integrity: sha512-mcEl6CUT5IAUmQf1m9FYSmVqCJlpQ8r8eyftFUHG8i9OhY7BkBXSUdnLH5DOf0wCOjcP9v/QO93zpmF1SptCCw==}
    cpu: [riscv64]
    os: [linux]
    libc: [musl]

  '@rollup/rollup-linux-s390x-gnu@4.60.4':
    resolution: {integrity: sha512-ynt3JxVd2w2buzoKDWIyiV1pJW93xlQic1THVLXilz429oijRpSHivZAgp65KBu+cMcgf1eVVjdnTLvPxgCuoQ==}
    cpu: [s390x]
    os: [linux]
    libc: [glibc]

  '@rollup/rollup-linux-x64-gnu@4.60.4':
    resolution: {integrity: sha512-Boiz5+MsaROEWDf+GGEwF8VMHGhlUoQMtIPjOgA5fv4osupqTVnJteQNKJwUcnUog2G55jYXH7KZFFiJe0TEzQ==}
    cpu: [x64]
    os: [linux]
    libc: [glibc]

  '@rollup/rollup-linux-x64-musl@4.60.4':
    resolution: {integrity: sha512-+qfSY27qIrFfI/Hom04KYFw3GKZSGU4lXus51wsb5EuySfFlWRwjkKWoE9emgRw/ukoT4Udsj4W/+xxG8VbPKg==}
    cpu: [x64]
    os: [linux]
    libc: [musl]

  '@rollup/rollup-openbsd-x64@4.60.4':
    resolution: {integrity: sha512-VpTfOPHgVXEBeeR8hZ2O0F3aSso+JDWqTWmTmzcQKted54IAdUVbxE+j/MVxUsKa8L20HJhv3vUezVPoquqWjA==}
    cpu: [x64]
    os: [openbsd]

  '@rollup/rollup-openharmony-arm64@4.60.4':
    resolution: {integrity: sha512-IPOsh5aRYuLv/nkU51X10Bf75Bsf6+gZdx1X+QP5QM6lIJFHHqbHLG0uJn/hWthzo13UAc2umiUorqZy3axoZg==}
    cpu: [arm64]
    os: [openharmony]

  '@rollup/rollup-win32-arm64-msvc@4.60.4':
    resolution: {integrity: sha512-4QzE9E81OohJ/HKzHhsqU+zcYYojVOXlFMs1DdyMT6qXl/niOH7AVElmmEdUNHHS/oRkc++d5k6Vy85zFs0DEw==}
    cpu: [arm64]
    os: [win32]

  '@rollup/rollup-win32-ia32-msvc@4.60.4':
    resolution: {integrity: sha512-zTPgT1YuHHcd+Tmx7h8aml0FWFVelV5N54oHow9SLj+GfoDy/huQ+UV396N/C7KpMDMiPspRktzM1/0r1usYEA==}
    cpu: [ia32]
    os: [win32]

  '@rollup/rollup-win32-x64-gnu@4.60.4':
    resolution: {integrity: sha512-DRS4G7mi9lJxqEDezIkKCaUIKCrLUUDCUaCsTPCi/rtqaC6D/jjwslMQyiDU50Ka0JKpeXeRBFBAXwArY52vBw==}
    cpu: [x64]
    os: [win32]

  '@rollup/rollup-win32-x64-msvc@4.60.4':
    resolution: {integrity: sha512-QVTUovf40zgTqlFVrKA1uXMVvU2QWEFWfAH8Wdc48IxLvrJMQVMBRjuQyUpzZCDkakImib9eVazbWlC6ksWtJw==}
    cpu: [x64]
    os: [win32]

  '@rsvelte/compiler@0.6.1':
    resolution: {integrity: sha512-pQWa3Z4d9AeS/Jdi0UIpDIwyXXs+feSDzFvLdx71pOMuFY81xxdNNNAgk4yMb4CNyhSOB7udTCzEinx544lzpQ==}

  '@rsvelte/svelte-check-darwin-arm64@0.1.4':
    resolution: {integrity: sha512-Fhfy+SEzim8v1gsESl+qF9hhZCg2cIUilQJ7pFJ4fWHcjMYMNxX8UDM+SKjcCis9zd5MGfeo5CrwG2+OomIY0A==}
    cpu: [arm64]
    os: [darwin]

  '@rsvelte/svelte-check-darwin-x64@0.1.4':
    resolution: {integrity: sha512-8WJHEJ3+YHr0dbtxW7opvmywFXRBqygxWsitIbYr+ePmseGfk1ULOZaudp3m7abmnHrgR4Vv/4di6SXfqFr4GQ==}
    cpu: [x64]
    os: [darwin]

  '@rsvelte/svelte-check-linux-arm64-gnu@0.1.4':
    resolution: {integrity: sha512-57WPXJRWGjPGfp5cwJe32OzKNTld4Zft3l2KxYJKHB+QjvfiAESX9ZPBUJJDPzhfgXzKMNAW0O4BViaLb+9n8w==}
    cpu: [arm64]
    os: [linux]
    libc: [glibc]

  '@rsvelte/svelte-check-linux-x64-gnu@0.1.4':
    resolution: {integrity: sha512-zUolxLLBNK6R7zDW/l/SLQmjkiL+mkGQf3HuOiYij1UdCuWqHjYPhl8sBessFy6cEqpmScmd7Uia4pLOHDVoXg==}
    cpu: [x64]
    os: [linux]
    libc: [glibc]

  '@rsvelte/svelte-check-win32-x64-msvc@0.1.4':
    resolution: {integrity: sha512-zwl6lQ6N0d2XLGeyRfibFg+RvMKE8QvbjsPL7Gjmm/ZuB0Lq2f9dktPCgMQTKeUEFaqerXvmTMRWdn3PO6/8hQ==}
    cpu: [x64]
    os: [win32]

  '@rsvelte/svelte-check@0.1.4':
    resolution: {integrity: sha512-06XfK8PSo2yyp1nHTWrYXYtxbgPozVcHw1x0caxZudWAXGUiaAA9cs63VzUBlNFQRWXLso0JxmVvvushQuXEAQ==}
    hasBin: true

  '@rsvelte/vite-plugin-svelte-native-darwin-arm64@0.2.1':
    resolution: {integrity: sha512-g5h6aArO4+Fp1YzPcHHV/phTVkBiNNFFdEHctmPoPILLucbc4/0XLWBuCQdXT1WGN+CU3pVNMcwoz0z1kH3g3A==}
    cpu: [arm64]
    os: [darwin]

  '@rsvelte/vite-plugin-svelte-native-darwin-x64@0.2.1':
    resolution: {integrity: sha512-FEyg8SaQGHKm7oFsAYmIfLvhtvTNBeZgYhMXXWA53oxlvqE8GKKXCquXGzlWIoKWJk1Bc4zXlHEqjq7yOEbtqg==}
    cpu: [x64]
    os: [darwin]

  '@rsvelte/vite-plugin-svelte-native-linux-arm64-gnu@0.2.1':
    resolution: {integrity: sha512-n6OcMsVNfDlAQCkUQ9JQ/TPRYyOI3BHFXpE6bzsaJkK8lcXY/CLgg0iN6ZUmE3QRHQVBOq7iy0qLi1XIPiwXDg==}
    cpu: [arm64]
    os: [linux]
    libc: [glibc]

  '@rsvelte/vite-plugin-svelte-native-linux-x64-gnu@0.2.1':
    resolution: {integrity: sha512-RgNHI2F9Ah6VoC1fZAvGz8I4wQXHrckJ79snDXpRyPM+R2cMhqKOinkN2etTmOIY3GEfP4uYPpTqByQy+bjXrA==}
    cpu: [x64]
    os: [linux]
    libc: [glibc]

  '@rsvelte/vite-plugin-svelte-native-win32-x64-msvc@0.2.1':
    resolution: {integrity: sha512-ZQCK6mqN+k4fZvY5mQ5Nmp/27nW9BPeVc5j0RQbC0/BisqjUs8d/+kqzm8sX9POZT43XrMh11M8Nf6jZJt3U8w==}
    cpu: [x64]
    os: [win32]

  '@rsvelte/vite-plugin-svelte-native@0.2.1':
    resolution: {integrity: sha512-aDrZnw92uFbTuEGkZKgHiwQ/G44H4ujMzxPsHEDydAwu7supTpV3L3QcLucVkHUYteBp/oNsJMXvuY3BQa3Ypw==}

  '@rsvelte/vite-plugin-svelte@0.3.0':
    resolution: {integrity: sha512-uZkhsK3LC3me/EXjZoCRXdZDpEEo+cbzPVcBXnfdy14OAbtGbKCtdzU8N9L6nUYyba4DVOHQJUHDvQ8vf5qPnA==}
    engines: {node: ^20.19 || ^22.12 || >=24}
    peerDependencies:
      svelte: ^5.0.0
      vite: ^6.3.0 || ^7.0.0

  '@standard-schema/spec@1.1.0':
    resolution: {integrity: sha512-l2aFy5jALhniG5HgqrD6jXLi/rUWrKvqN/qJx6yoJsgKhblVd+iqqU4RCXavm/jPityDo5TCvKMnpjKnOriy0w==}

  '@sveltejs/acorn-typescript@1.0.10':
    resolution: {integrity: sha512-4WfKk68eTih+MiJD4fSbxN7E8kVBmTMPWHUPYjvl2N0rMs53YLTT8/YjKU5Dtnz5LqDjl7LEw4U7lXR2W3J5WA==}
    peerDependencies:
      acorn: ^8.9.0

  '@sveltejs/adapter-static@3.0.10':
    resolution: {integrity: sha512-7D9lYFWJmB7zxZyTE/qxjksvMqzMuYrrsyh1f4AlZqeZeACPRySjbC3aFiY55wb1tWUaKOQG9PVbm74JcN2Iew==}
    peerDependencies:
      '@sveltejs/kit': ^2.0.0

  '@sveltejs/kit@2.61.1':
    resolution: {integrity: sha512-Ny8s1SR1TyQS2hD2Rvw0XKzU2Nw1eUF52dTb6T2bdcgz7wSC+Nyb5IwjWYlR4b2dvbbR5NJDiQwHg3rnNseghg==}
    engines: {node: '>=18.13'}
    hasBin: true
    peerDependencies:
      '@opentelemetry/api': ^1.0.0
      '@sveltejs/vite-plugin-svelte': ^3.0.0 || ^4.0.0-next.1 || ^5.0.0 || ^6.0.0-next.0 || ^7.0.0
      svelte: ^4.0.0 || ^5.0.0-next.0
      typescript: ^5.3.3 || ^6.0.0
      vite: ^5.0.3 || ^6.0.0 || ^7.0.0-beta.0 || ^8.0.0
    peerDependenciesMeta:
      '@opentelemetry/api':
        optional: true
      typescript:
        optional: true

  '@sveltejs/vite-plugin-svelte-inspector@5.0.2':
    resolution: {integrity: sha512-TZzRTcEtZffICSAoZGkPSl6Etsj2torOVrx6Uw0KpXxrec9Gg6jFWQ60Q3+LmNGfZSxHRCZL7vXVZIWmuV50Ig==}
    engines: {node: ^20.19 || ^22.12 || >=24}
    peerDependencies:
      '@sveltejs/vite-plugin-svelte': ^6.0.0-next.0
      svelte: ^5.0.0
      vite: ^6.3.0 || ^7.0.0

  '@types/cookie@0.6.0':
    resolution: {integrity: sha512-4Kh9a6B2bQciAhf7FSuMRRkUWecJgJu9nPnx3yzpsfXX/c50REIqpHY4C82bXP90qrLtXtkDxTZosYO3UpOwlA==}

  '@types/estree@1.0.8':
    resolution: {integrity: sha512-dWHzHa2WqEXI/O1E9OjrocMTKJl2mSrEolh1Iomrv6U+JuNwaHXsXx9bLu5gG7BUWFIN0skIQJQ/L1rIex4X6w==}

  '@types/estree@1.0.9':
    resolution: {integrity: sha512-GhdPgy1el4/ImP05X05Uw4cw2/M93BCUmnEvWZNStlCzEKME4Fkk+YpoA5OiHNQmoS7Cafb8Xa3Pya8m1Qrzeg==}

  '@types/node@24.12.4':
    resolution: {integrity: sha512-GUUEShf+PBCGW2KaXwcIt3Yk+e3pkKwWKb9GSyM9WQVE+ep2jzmHdGsHzu4wgcZy5fN9FBdVzjpBQsYlpfpgLA==}

  '@types/trusted-types@2.0.7':
    resolution: {integrity: sha512-ScaPdn1dQczgbl0QFTeTOmVHFULt394XJgOQNoyVhZ6r2vLnMLJfBPd53SB52T/3G36VI1/g2MZaX0cwDuXsfw==}

  acorn@8.16.0:
    resolution: {integrity: sha512-UVJyE9MttOsBQIDKw1skb9nAwQuR5wuGD3+82K6JgJlm/Y+KI92oNsMNGZCYdDsVtRHSak0pcV5Dno5+4jh9sw==}
    engines: {node: '>=0.4.0'}
    hasBin: true

  aria-query@5.3.1:
    resolution: {integrity: sha512-Z/ZeOgVl7bcSYZ/u/rh0fOpvEpq//LZmdbkXyc7syVzjPAhfOa9ebsdTSjEBDU4vs5nC98Kfduj1uFo0qyET3g==}
    engines: {node: '>= 0.4'}

  axobject-query@4.1.0:
    resolution: {integrity: sha512-qIj0G9wZbMGNLjLmg1PT6v2mE9AH2zlnADJD/2tC6E00hgmhUOfEB6greHPAfLRSufHqROIUTkw6E+M3lH0PTQ==}
    engines: {node: '>= 0.4'}

  clsx@2.1.1:
    resolution: {integrity: sha512-eYm0QWBtUrBWZWG0d386OGAw16Z995PiOVo2B7bjWSbHedGl5e0ZWaq65kOGgUSNesEIDkB9ISbTg/JK9dhCZA==}
    engines: {node: '>=6'}

  cookie@0.6.0:
    resolution: {integrity: sha512-U71cyTamuh1CRNCfpGY6to28lxvNwPG4Guz/EVjgf3Jmzv0vlDp1atT9eS5dDjMYHucpHbWns6Lwf3BKz6svdw==}
    engines: {node: '>= 0.6'}

  deepmerge@4.3.1:
    resolution: {integrity: sha512-3sUqbMEc77XqpdNO7FRyRog+eW3ph+GYCbj+rK+uYyRMuwsVy0rMiVtPn+QJlKFvWP/1PYpapqYn0Me2knFn+A==}
    engines: {node: '>=0.10.0'}

  devalue@5.8.1:
    resolution: {integrity: sha512-4CXDYRBGqN+57wVJkuXBYmpAVUSg3L6JAQa/DFqm238G73E1wuyc/JhGQJzN7vUf/CMphYau2zXbfWzDR5aTEw==}

  esbuild@0.27.7:
    resolution: {integrity: sha512-IxpibTjyVnmrIQo5aqNpCgoACA/dTKLTlhMHihVHhdkxKyPO1uBBthumT0rdHmcsk9uMonIWS0m4FljWzILh3w==}
    engines: {node: '>=18'}
    hasBin: true

  esm-env@1.2.2:
    resolution: {integrity: sha512-Epxrv+Nr/CaL4ZcFGPJIYLWFom+YeV1DqMLHJoEd9SYRxNbaFruBwfEX/kkHUJf55j2+TUbmDcmuilbP1TmXHA==}

  esrap@2.2.9:
    resolution: {integrity: sha512-4KijP+NxCWthMCUC3qHbE6n4vCjqgJS1uAYKhuT/GWfFTf1Qyive2TgOjep+gzbSzRfnNyaN/UU9YmdOt8Eg0A==}
    peerDependencies:
      '@typescript-eslint/types': ^8.2.0
    peerDependenciesMeta:
      '@typescript-eslint/types':
        optional: true

  fdir@6.5.0:
    resolution: {integrity: sha512-tIbYtZbucOs0BRGqPJkshJUYdL+SDH7dVM8gjy+ERp3WAUjLEFJE+02kanyHtwjWOnwrKYBiwAmM0p4kLJAnXg==}
    engines: {node: '>=12.0.0'}
    peerDependencies:
      picomatch: ^3 || ^4
    peerDependenciesMeta:
      picomatch:
        optional: true

  fsevents@2.3.3:
    resolution: {integrity: sha512-5xoDfX+fL7faATnagmWPpbFtwh/R77WmMMqqHGS65C3vvB0YHrgF+B1YmZ3441tMj5n63k0212XNoJwzlhffQw==}
    engines: {node: ^8.16.0 || ^10.6.0 || >=11.0.0}
    os: [darwin]

  is-reference@3.0.3:
    resolution: {integrity: sha512-ixkJoqQvAP88E6wLydLGGqCJsrFUnqoH6HnaczB8XmDH1oaWU+xxdptvikTgaEhtZ53Ky6YXiBuUI2WXLMCwjw==}

  kleur@4.1.5:
    resolution: {integrity: sha512-o+NO+8WrRiQEE4/7nwRJhN1HWpVmJm511pBHUxPLtp0BUISzlBplORYSmTclCnJvQq2tKu/sgl3xVpkc7ZWuQQ==}
    engines: {node: '>=6'}

  locate-character@3.0.0:
    resolution: {integrity: sha512-SW13ws7BjaeJ6p7Q6CO2nchbYEc3X3J6WrmTTDto7yMPqVSZTUyY5Tjbid+Ab8gLnATtygYtiDIJGQRRn2ZOiA==}

  magic-string@0.30.21:
    resolution: {integrity: sha512-vd2F4YUyEXKGcLHoq+TEyCjxueSeHnFxyyjNp80yg0XV4vUhnDer/lvvlqM/arB5bXQN5K2/3oinyCRyx8T2CQ==}

  marked@17.0.6:
    resolution: {integrity: sha512-gB0gkNafnonOw0obSTEGZTT86IuhILt2Wfx0mWH/1Au83kybTayroZ/V6nS25mN7u8ASy+5fMhgB3XPNrOZdmA==}
    engines: {node: '>= 20'}
    hasBin: true

  mrmime@2.0.1:
    resolution: {integrity: sha512-Y3wQdFg2Va6etvQ5I82yUhGdsKrcYox6p7FfL1LbK2J4V01F9TGlepTIhnK24t7koZibmg82KGglhA1XK5IsLQ==}
    engines: {node: '>=10'}

  nanoid@3.3.12:
    resolution: {integrity: sha512-ZB9RH/39qpq5Vu6Y+NmUaFhQR6pp+M2Xt76XBnEwDaGcVAqhlvxrl3B2bKS5D3NH3QR76v3aSrKaF/Kiy7lEtQ==}
    engines: {node: ^10 || ^12 || ^13.7 || ^14 || >=15.0.1}
    hasBin: true

  obug@2.1.1:
    resolution: {integrity: sha512-uTqF9MuPraAQ+IsnPf366RG4cP9RtUi7MLO1N3KEc+wb0a6yKpeL0lmk2IB1jY5KHPAlTc6T/JRdC/YqxHNwkQ==}

  picocolors@1.1.1:
    resolution: {integrity: sha512-xceH2snhtb5M9liqDsmEw56le376mTZkEX/jEb/RxNFyegNul7eNslCXP9FDj/Lcu0X8KEyMceP2ntpaHrDEVA==}

  picomatch@4.0.4:
    resolution: {integrity: sha512-QP88BAKvMam/3NxH6vj2o21R6MjxZUAd6nlwAS/pnGvN9IVLocLHxGYIzFhg6fUQ+5th6P4dv4eW9jX3DSIj7A==}
    engines: {node: '>=12'}

  postcss@8.5.15:
    resolution: {integrity: sha512-FfR8sjd4em2T6fb3I2MwAJU7HWVMr9zba+enmQeeWFfCbm+UOC/0X4DS8XtpUTMwWMGbjKYP7xjfNekzyGmB3A==}
    engines: {node: ^10 || ^12 || >=14}

  rollup@4.60.4:
    resolution: {integrity: sha512-WHeFSbZYsPu3+bLoNRUuAO+wavNlocOPf3wSHTP7hcFKVnJeWsYlCDbr3mTS14FCizf9ccIxXA8sGL8zKeQN3g==}
    engines: {node: '>=18.0.0', npm: '>=8.0.0'}
    hasBin: true

  set-cookie-parser@3.1.0:
    resolution: {integrity: sha512-kjnC1DXBHcxaOaOXBHBeRtltsDG2nUiUni+jP92M9gYdW12rsmx92UsfpH7o5tDRs7I1ZZPSQJQGv3UaRfCiuw==}

  sirv@3.0.2:
    resolution: {integrity: sha512-2wcC/oGxHis/BoHkkPwldgiPSYcpZK3JU28WoMVv55yHJgcZ8rlXvuG9iZggz+sU1d4bRgIGASwyWqjxu3FM0g==}
    engines: {node: '>=18'}

  source-map-js@1.2.1:
    resolution: {integrity: sha512-UXWMKhLOwVKb728IUtQPXxfYU+usdybtUrK/8uGE8CQMvrhOpwvzDBwj0QhSL7MQc7vIsISBG8VQ8+IDQxpfQA==}
    engines: {node: '>=0.10.0'}

  svelte@5.56.0:
    resolution: {integrity: sha512-kTXr26t1bchFp28ROrb957LtbujpBmBDibmqMGziVpUs7awBi96TGgX6SovrA8BNoEUDVRK2Fb9FkeYlGspoVg==}
    engines: {node: '>=18'}

  tinyglobby@0.2.17:
    resolution: {integrity: sha512-wXR/dYpcqKmfWpEdZjiKJOwCNFndD0DMnrW/cYjVGttEkBfVgcLFHoNrlj47mjOVic9yyNu65alsgF4NQyTa2g==}
    engines: {node: '>=12.0.0'}

  totalist@3.0.1:
    resolution: {integrity: sha512-sf4i37nQ2LBx4m3wB74y+ubopq6W/dIzXg0FDGjsYnZHVa1Da8FH853wlL2gtUhg+xJXjfk3kUZS3BRoQeoQBQ==}
    engines: {node: '>=6'}

  typescript@5.9.3:
    resolution: {integrity: sha512-jl1vZzPDinLr9eUt3J/t7V6FgNEw9QjvBPdysz9KfQDD41fQrC2Y4vKQdiaUpFT4bXlb1RHhLpp8wtm6M5TgSw==}
    engines: {node: '>=14.17'}
    hasBin: true

  undici-types@7.16.0:
    resolution: {integrity: sha512-Zz+aZWSj8LE6zoxD+xrjh4VfkIG8Ya6LvYkZqtUQGJPZjYl53ypCaUwWqo7eI0x66KBGeRo+mlBEkMSeSZ38Nw==}

  vite@7.3.3:
    resolution: {integrity: sha512-/4XH147Ui7OGTjg3HbdWe5arnZQSbfuRzdr9Ec7TQi5I7R+ir0Rlc9GIvD4v0XZurELqA035KVXJXpR61xhiTA==}
    engines: {node: ^20.19.0 || >=22.12.0}
    hasBin: true
    peerDependencies:
      '@types/node': ^20.19.0 || >=22.12.0
      jiti: '>=1.21.0'
      less: ^4.0.0
      lightningcss: ^1.21.0
      sass: ^1.70.0
      sass-embedded: ^1.70.0
      stylus: '>=0.54.8'
      sugarss: ^5.0.0
      terser: ^5.16.0
      tsx: ^4.8.1
      yaml: ^2.4.2
    peerDependenciesMeta:
      '@types/node':
        optional: true
      jiti:
        optional: true
      less:
        optional: true
      lightningcss:
        optional: true
      sass:
        optional: true
      sass-embedded:
        optional: true
      stylus:
        optional: true
      sugarss:
        optional: true
      terser:
        optional: true
      tsx:
        optional: true
      yaml:
        optional: true

  vitefu@1.1.3:
    resolution: {integrity: sha512-ub4okH7Z5KLjb6hDyjqrGXqWtWvoYdU3IGm/NorpgHncKoLTCfRIbvlhBm7r0YstIaQRYlp4yEbFqDcKSzXSSg==}
    peerDependencies:
      vite: ^3.0.0 || ^4.0.0 || ^5.0.0 || ^6.0.0 || ^7.0.0 || ^8.0.0
    peerDependenciesMeta:
      vite:
        optional: true

  zimmerframe@1.1.4:
    resolution: {integrity: sha512-B58NGBEoc8Y9MWWCQGl/gq9xBCe4IiKM0a2x7GZdQKOW5Exr8S1W24J6OgM1njK8xCRGvAJIL/MxXHf6SkmQKQ==}

snapshots:

  '@esbuild/aix-ppc64@0.27.7':
    optional: true

  '@esbuild/android-arm64@0.27.7':
    optional: true

  '@esbuild/android-arm@0.27.7':
    optional: true

  '@esbuild/android-x64@0.27.7':
    optional: true

  '@esbuild/darwin-arm64@0.27.7':
    optional: true

  '@esbuild/darwin-x64@0.27.7':
    optional: true

  '@esbuild/freebsd-arm64@0.27.7':
    optional: true

  '@esbuild/freebsd-x64@0.27.7':
    optional: true

  '@esbuild/linux-arm64@0.27.7':
    optional: true

  '@esbuild/linux-arm@0.27.7':
    optional: true

  '@esbuild/linux-ia32@0.27.7':
    optional: true

  '@esbuild/linux-loong64@0.27.7':
    optional: true

  '@esbuild/linux-mips64el@0.27.7':
    optional: true

  '@esbuild/linux-ppc64@0.27.7':
    optional: true

  '@esbuild/linux-riscv64@0.27.7':
    optional: true

  '@esbuild/linux-s390x@0.27.7':
    optional: true

  '@esbuild/linux-x64@0.27.7':
    optional: true

  '@esbuild/netbsd-arm64@0.27.7':
    optional: true

  '@esbuild/netbsd-x64@0.27.7':
    optional: true

  '@esbuild/openbsd-arm64@0.27.7':
    optional: true

  '@esbuild/openbsd-x64@0.27.7':
    optional: true

  '@esbuild/openharmony-arm64@0.27.7':
    optional: true

  '@esbuild/sunos-x64@0.27.7':
    optional: true

  '@esbuild/win32-arm64@0.27.7':
    optional: true

  '@esbuild/win32-ia32@0.27.7':
    optional: true

  '@esbuild/win32-x64@0.27.7':
    optional: true

  '@jridgewell/gen-mapping@0.3.13':
    dependencies:
      '@jridgewell/sourcemap-codec': 1.5.5
      '@jridgewell/trace-mapping': 0.3.31

  '@jridgewell/remapping@2.3.5':
    dependencies:
      '@jridgewell/gen-mapping': 0.3.13
      '@jridgewell/trace-mapping': 0.3.31

  '@jridgewell/resolve-uri@3.1.2': {}

  '@jridgewell/sourcemap-codec@1.5.5': {}

  '@jridgewell/trace-mapping@0.3.31':
    dependencies:
      '@jridgewell/resolve-uri': 3.1.2
      '@jridgewell/sourcemap-codec': 1.5.5

  '@polka/url@1.0.0-next.29': {}

  '@resvg/resvg-js-android-arm-eabi@2.6.2':
    optional: true

  '@resvg/resvg-js-android-arm64@2.6.2':
    optional: true

  '@resvg/resvg-js-darwin-arm64@2.6.2':
    optional: true

  '@resvg/resvg-js-darwin-x64@2.6.2':
    optional: true

  '@resvg/resvg-js-linux-arm-gnueabihf@2.6.2':
    optional: true

  '@resvg/resvg-js-linux-arm64-gnu@2.6.2':
    optional: true

  '@resvg/resvg-js-linux-arm64-musl@2.6.2':
    optional: true

  '@resvg/resvg-js-linux-x64-gnu@2.6.2':
    optional: true

  '@resvg/resvg-js-linux-x64-musl@2.6.2':
    optional: true

  '@resvg/resvg-js-win32-arm64-msvc@2.6.2':
    optional: true

  '@resvg/resvg-js-win32-ia32-msvc@2.6.2':
    optional: true

  '@resvg/resvg-js-win32-x64-msvc@2.6.2':
    optional: true

  '@resvg/resvg-js@2.6.2':
    optionalDependencies:
      '@resvg/resvg-js-android-arm-eabi': 2.6.2
      '@resvg/resvg-js-android-arm64': 2.6.2
      '@resvg/resvg-js-darwin-arm64': 2.6.2
      '@resvg/resvg-js-darwin-x64': 2.6.2
      '@resvg/resvg-js-linux-arm-gnueabihf': 2.6.2
      '@resvg/resvg-js-linux-arm64-gnu': 2.6.2
      '@resvg/resvg-js-linux-arm64-musl': 2.6.2
      '@resvg/resvg-js-linux-x64-gnu': 2.6.2
      '@resvg/resvg-js-linux-x64-musl': 2.6.2
      '@resvg/resvg-js-win32-arm64-msvc': 2.6.2
      '@resvg/resvg-js-win32-ia32-msvc': 2.6.2
      '@resvg/resvg-js-win32-x64-msvc': 2.6.2

  '@rollup/rollup-android-arm-eabi@4.60.4':
    optional: true

  '@rollup/rollup-android-arm64@4.60.4':
    optional: true

  '@rollup/rollup-darwin-arm64@4.60.4':
    optional: true

  '@rollup/rollup-darwin-x64@4.60.4':
    optional: true

  '@rollup/rollup-freebsd-arm64@4.60.4':
    optional: true

  '@rollup/rollup-freebsd-x64@4.60.4':
    optional: true

  '@rollup/rollup-linux-arm-gnueabihf@4.60.4':
    optional: true

  '@rollup/rollup-linux-arm-musleabihf@4.60.4':
    optional: true

  '@rollup/rollup-linux-arm64-gnu@4.60.4':
    optional: true

  '@rollup/rollup-linux-arm64-musl@4.60.4':
    optional: true

  '@rollup/rollup-linux-loong64-gnu@4.60.4':
    optional: true

  '@rollup/rollup-linux-loong64-musl@4.60.4':
    optional: true

  '@rollup/rollup-linux-ppc64-gnu@4.60.4':
    optional: true

  '@rollup/rollup-linux-ppc64-musl@4.60.4':
    optional: true

  '@rollup/rollup-linux-riscv64-gnu@4.60.4':
    optional: true

  '@rollup/rollup-linux-riscv64-musl@4.60.4':
    optional: true

  '@rollup/rollup-linux-s390x-gnu@4.60.4':
    optional: true

  '@rollup/rollup-linux-x64-gnu@4.60.4':
    optional: true

  '@rollup/rollup-linux-x64-musl@4.60.4':
    optional: true

  '@rollup/rollup-openbsd-x64@4.60.4':
    optional: true

  '@rollup/rollup-openharmony-arm64@4.60.4':
    optional: true

  '@rollup/rollup-win32-arm64-msvc@4.60.4':
    optional: true

  '@rollup/rollup-win32-ia32-msvc@4.60.4':
    optional: true

  '@rollup/rollup-win32-x64-gnu@4.60.4':
    optional: true

  '@rollup/rollup-win32-x64-msvc@4.60.4':
    optional: true

  '@rsvelte/compiler@0.6.1': {}

  '@rsvelte/svelte-check-darwin-arm64@0.1.4':
    optional: true

  '@rsvelte/svelte-check-darwin-x64@0.1.4':
    optional: true

  '@rsvelte/svelte-check-linux-arm64-gnu@0.1.4':
    optional: true

  '@rsvelte/svelte-check-linux-x64-gnu@0.1.4':
    optional: true

  '@rsvelte/svelte-check-win32-x64-msvc@0.1.4':
    optional: true

  '@rsvelte/svelte-check@0.1.4':
    optionalDependencies:
      '@rsvelte/svelte-check-darwin-arm64': 0.1.4
      '@rsvelte/svelte-check-darwin-x64': 0.1.4
      '@rsvelte/svelte-check-linux-arm64-gnu': 0.1.4
      '@rsvelte/svelte-check-linux-x64-gnu': 0.1.4
      '@rsvelte/svelte-check-win32-x64-msvc': 0.1.4

  '@rsvelte/vite-plugin-svelte-native-darwin-arm64@0.2.1':
    optional: true

  '@rsvelte/vite-plugin-svelte-native-darwin-x64@0.2.1':
    optional: true

  '@rsvelte/vite-plugin-svelte-native-linux-arm64-gnu@0.2.1':
    optional: true

  '@rsvelte/vite-plugin-svelte-native-linux-x64-gnu@0.2.1':
    optional: true

  '@rsvelte/vite-plugin-svelte-native-win32-x64-msvc@0.2.1':
    optional: true

  '@rsvelte/vite-plugin-svelte-native@0.2.1':
    optionalDependencies:
      '@rsvelte/vite-plugin-svelte-native-darwin-arm64': 0.2.1
      '@rsvelte/vite-plugin-svelte-native-darwin-x64': 0.2.1
      '@rsvelte/vite-plugin-svelte-native-linux-arm64-gnu': 0.2.1
      '@rsvelte/vite-plugin-svelte-native-linux-x64-gnu': 0.2.1
      '@rsvelte/vite-plugin-svelte-native-win32-x64-msvc': 0.2.1

  '@rsvelte/vite-plugin-svelte@0.3.0(@rsvelte/vite-plugin-svelte@0.3.0)(svelte@5.56.0)(vite@7.3.3(@types/node@24.12.4))':
    dependencies:
      '@rsvelte/compiler': 0.6.1
      '@rsvelte/vite-plugin-svelte-native': 0.2.1
      '@sveltejs/vite-plugin-svelte-inspector': 5.0.2(@rsvelte/vite-plugin-svelte@0.3.0)(svelte@5.56.0)(vite@7.3.3(@types/node@24.12.4))
      deepmerge: 4.3.1
      magic-string: 0.30.21
      obug: 2.1.1
      svelte: 5.56.0
      vite: 7.3.3(@types/node@24.12.4)
      vitefu: 1.1.3(vite@7.3.3(@types/node@24.12.4))
    transitivePeerDependencies:
      - '@sveltejs/vite-plugin-svelte'

  '@standard-schema/spec@1.1.0': {}

  '@sveltejs/acorn-typescript@1.0.10(acorn@8.16.0)':
    dependencies:
      acorn: 8.16.0

  '@sveltejs/adapter-static@3.0.10(@sveltejs/kit@2.61.1(@rsvelte/vite-plugin-svelte@0.3.0)(svelte@5.56.0)(typescript@5.9.3)(vite@7.3.3(@types/node@24.12.4)))':
    dependencies:
      '@sveltejs/kit': 2.61.1(@rsvelte/vite-plugin-svelte@0.3.0)(svelte@5.56.0)(typescript@5.9.3)(vite@7.3.3(@types/node@24.12.4))

  '@sveltejs/kit@2.61.1(@rsvelte/vite-plugin-svelte@0.3.0)(svelte@5.56.0)(typescript@5.9.3)(vite@7.3.3(@types/node@24.12.4))':
    dependencies:
      '@standard-schema/spec': 1.1.0
      '@sveltejs/acorn-typescript': 1.0.10(acorn@8.16.0)
      '@sveltejs/vite-plugin-svelte': '@rsvelte/vite-plugin-svelte@0.3.0(@rsvelte/vite-plugin-svelte@0.3.0)(svelte@5.56.0)(vite@7.3.3(@types/node@24.12.4))'
      '@types/cookie': 0.6.0
      acorn: 8.16.0
      cookie: 0.6.0
      devalue: 5.8.1
      esm-env: 1.2.2
      kleur: 4.1.5
      magic-string: 0.30.21
      mrmime: 2.0.1
      set-cookie-parser: 3.1.0
      sirv: 3.0.2
      svelte: 5.56.0
      vite: 7.3.3(@types/node@24.12.4)
    optionalDependencies:
      typescript: 5.9.3

  '@sveltejs/vite-plugin-svelte-inspector@5.0.2(@rsvelte/vite-plugin-svelte@0.3.0)(svelte@5.56.0)(vite@7.3.3(@types/node@24.12.4))':
    dependencies:
      '@sveltejs/vite-plugin-svelte': '@rsvelte/vite-plugin-svelte@0.3.0(@rsvelte/vite-plugin-svelte@0.3.0)(svelte@5.56.0)(vite@7.3.3(@types/node@24.12.4))'
      obug: 2.1.1
      svelte: 5.56.0
      vite: 7.3.3(@types/node@24.12.4)

  '@types/cookie@0.6.0': {}

  '@types/estree@1.0.8': {}

  '@types/estree@1.0.9': {}

  '@types/node@24.12.4':
    dependencies:
      undici-types: 7.16.0

  '@types/trusted-types@2.0.7': {}

  acorn@8.16.0: {}

  aria-query@5.3.1: {}

  axobject-query@4.1.0: {}

  clsx@2.1.1: {}

  cookie@0.6.0: {}

  deepmerge@4.3.1: {}

  devalue@5.8.1: {}

  esbuild@0.27.7:
    optionalDependencies:
      '@esbuild/aix-ppc64': 0.27.7
      '@esbuild/android-arm': 0.27.7
      '@esbuild/android-arm64': 0.27.7
      '@esbuild/android-x64': 0.27.7
      '@esbuild/darwin-arm64': 0.27.7
      '@esbuild/darwin-x64': 0.27.7
      '@esbuild/freebsd-arm64': 0.27.7
      '@esbuild/freebsd-x64': 0.27.7
      '@esbuild/linux-arm': 0.27.7
      '@esbuild/linux-arm64': 0.27.7
      '@esbuild/linux-ia32': 0.27.7
      '@esbuild/linux-loong64': 0.27.7
      '@esbuild/linux-mips64el': 0.27.7
      '@esbuild/linux-ppc64': 0.27.7
      '@esbuild/linux-riscv64': 0.27.7
      '@esbuild/linux-s390x': 0.27.7
      '@esbuild/linux-x64': 0.27.7
      '@esbuild/netbsd-arm64': 0.27.7
      '@esbuild/netbsd-x64': 0.27.7
      '@esbuild/openbsd-arm64': 0.27.7
      '@esbuild/openbsd-x64': 0.27.7
      '@esbuild/openharmony-arm64': 0.27.7
      '@esbuild/sunos-x64': 0.27.7
      '@esbuild/win32-arm64': 0.27.7
      '@esbuild/win32-ia32': 0.27.7
      '@esbuild/win32-x64': 0.27.7

  esm-env@1.2.2: {}

  esrap@2.2.9:
    dependencies:
      '@jridgewell/sourcemap-codec': 1.5.5

  fdir@6.5.0(picomatch@4.0.4):
    optionalDependencies:
      picomatch: 4.0.4

  fsevents@2.3.3:
    optional: true

  is-reference@3.0.3:
    dependencies:
      '@types/estree': 1.0.9

  kleur@4.1.5: {}

  locate-character@3.0.0: {}

  magic-string@0.30.21:
    dependencies:
      '@jridgewell/sourcemap-codec': 1.5.5

  marked@17.0.6: {}

  mrmime@2.0.1: {}

  nanoid@3.3.12: {}

  obug@2.1.1: {}

  picocolors@1.1.1: {}

  picomatch@4.0.4: {}

  postcss@8.5.15:
    dependencies:
      nanoid: 3.3.12
      picocolors: 1.1.1
      source-map-js: 1.2.1

  rollup@4.60.4:
    dependencies:
      '@types/estree': 1.0.8
    optionalDependencies:
      '@rollup/rollup-android-arm-eabi': 4.60.4
      '@rollup/rollup-android-arm64': 4.60.4
      '@rollup/rollup-darwin-arm64': 4.60.4
      '@rollup/rollup-darwin-x64': 4.60.4
      '@rollup/rollup-freebsd-arm64': 4.60.4
      '@rollup/rollup-freebsd-x64': 4.60.4
      '@rollup/rollup-linux-arm-gnueabihf': 4.60.4
      '@rollup/rollup-linux-arm-musleabihf': 4.60.4
      '@rollup/rollup-linux-arm64-gnu': 4.60.4
      '@rollup/rollup-linux-arm64-musl': 4.60.4
      '@rollup/rollup-linux-loong64-gnu': 4.60.4
      '@rollup/rollup-linux-loong64-musl': 4.60.4
      '@rollup/rollup-linux-ppc64-gnu': 4.60.4
      '@rollup/rollup-linux-ppc64-musl': 4.60.4
      '@rollup/rollup-linux-riscv64-gnu': 4.60.4
      '@rollup/rollup-linux-riscv64-musl': 4.60.4
      '@rollup/rollup-linux-s390x-gnu': 4.60.4
      '@rollup/rollup-linux-x64-gnu': 4.60.4
      '@rollup/rollup-linux-x64-musl': 4.60.4
      '@rollup/rollup-openbsd-x64': 4.60.4
      '@rollup/rollup-openharmony-arm64': 4.60.4
      '@rollup/rollup-win32-arm64-msvc': 4.60.4
      '@rollup/rollup-win32-ia32-msvc': 4.60.4
      '@rollup/rollup-win32-x64-gnu': 4.60.4
      '@rollup/rollup-win32-x64-msvc': 4.60.4
      fsevents: 2.3.3

  set-cookie-parser@3.1.0: {}

  sirv@3.0.2:
    dependencies:
      '@polka/url': 1.0.0-next.29
      mrmime: 2.0.1
      totalist: 3.0.1

  source-map-js@1.2.1: {}

  svelte@5.56.0:
    dependencies:
      '@jridgewell/remapping': 2.3.5
      '@jridgewell/sourcemap-codec': 1.5.5
      '@sveltejs/acorn-typescript': 1.0.10(acorn@8.16.0)
      '@types/estree': 1.0.9
      '@types/trusted-types': 2.0.7
      acorn: 8.16.0
      aria-query: 5.3.1
      axobject-query: 4.1.0
      clsx: 2.1.1
      devalue: 5.8.1
      esm-env: 1.2.2
      esrap: 2.2.9
      is-reference: 3.0.3
      locate-character: 3.0.0
      magic-string: 0.30.21
      zimmerframe: 1.1.4
    transitivePeerDependencies:
      - '@typescript-eslint/types'

  tinyglobby@0.2.17:
    dependencies:
      fdir: 6.5.0(picomatch@4.0.4)
      picomatch: 4.0.4

  totalist@3.0.1: {}

  typescript@5.9.3: {}

  undici-types@7.16.0: {}

  vite@7.3.3(@types/node@24.12.4):
    dependencies:
      esbuild: 0.27.7
      fdir: 6.5.0(picomatch@4.0.4)
      picomatch: 4.0.4
      postcss: 8.5.15
      rollup: 4.60.4
      tinyglobby: 0.2.17
    optionalDependencies:
      '@types/node': 24.12.4
      fsevents: 2.3.3

  vitefu@1.1.3(vite@7.3.3(@types/node@24.12.4)):
    optionalDependencies:
      vite: 7.3.3(@types/node@24.12.4)

  zimmerframe@1.1.4: {}
